Microsoft Visual Studio Solution File, Format Version 12.00
# Visual Studio Version 17
VisualStudioVersion = 17.5.2.0
MinimumVisualStudioVersion = 10.0.40219.1
Project("{FAE04EC0-301F-11D3-BF4B-00C04F79EFBC}") = "GreenDriveApiSeuRa", "GreenDriveApiSeuRa.csproj", "{A2E99B7D-C957-8FCF-1DCE-D3CFE9BA9C6D}"
EndProject
Global
	GlobalSection(SolutionConfigurationPlatforms) = preSolution
		Debug|Any CPU = Debug|Any CPU
		Release|Any CPU = Release|Any CPU
	EndGlobalSection
	GlobalSection(ProjectConfigurationPlatforms) = postSolution
		{A2E99B7D-C957-8FCF-1DCE-D3CFE9BA9C6D}.Debug|Any CPU.ActiveCfg = Debug|Any CPU
		{A2E99B7D-C957-8FCF-1DCE-D3CFE9BA9C6D}.Debug|Any CPU.Build.0 = Debug|Any CPU
		{A2E99B7D-C957-8FCF-1DCE-D3CFE9BA9C6D}.Release|Any CPU.ActiveCfg = Release|Any CPU
		{A2E99B7D-C957-8FCF-1DCE-D3CFE9BA9C6D}.Release|Any CPU.Build.0 = Release|Any CPU
	EndGlobalSection
	GlobalSection(SolutionProperties) = preSolution
		HideSolutionNode = FALSE
	EndGlobalSection
	GlobalSection(ExtensibilityGlobals) = postSolution
		SolutionGuid = {76555573-FBEC-4B22-875C-DA4A71064AAD}
	EndGlobalSection
EndGlobal
